// !$*UTF8*$!
{
	archiveVersion = 1;
	classes = {
	};
	objectVersion = 54;
	objects = {

/* Begin PBXBuildFile section */
		A50996B72B00045A0092F300 /* Quartz.framework in Frameworks */ = {isa = PBXBuildFile; fileRef = A50996B62B00045A0092F300 /* Quartz.framework */; };
		A54DB86529C3D58400B544FA /* AVFoundation.framework in Frameworks */ = {isa = PBXBuildFile; fileRef = A5DA28F526B4B5CD00B1EC06 /* AVFoundation.framework */; };
		A5CCBE932B051C9E00DE98EB /* Cocoa.framework in Frameworks */ = {isa = PBXBuildFile; fileRef = A5CCBE922B051C9E00DE98EB /* Cocoa.framework */; };
		A5CCBE952B051FE800DE98EB /* Foundation.framework in Frameworks */ = {isa = PBXBuildFile; fileRef = A5CCBE942B051FE800DE98EB /* Foundation.framework */; };
		A5CCBE9B2B05215E00DE98EB /* IOKit.framework in Frameworks */ = {isa = PBXBuildFile; fileRef = A5CCBE9A2B05215E00DE98EB /* IOKit.framework */; };
		A5F508642A0BFFC200EB7213 /* FastLaunchJob.m in Sources */ = {isa = PBXBuildFile; fileRef = A5F5085A2A0BFFC000EB7213 /* FastLaunchJob.m */; };
		A5F508682A0BFFC200EB7213 /* Controller.m in Sources */ = {isa = PBXBuildFile; fileRef = A5F508612A0BFFC200EB7213 /* Controller.m */; };
		A5F508692A0BFFC200EB7213 /* main.m in Sources */ = {isa = PBXBuildFile; fileRef = A5F508632A0BFFC200EB7213 /* main.m */; };
		A5F508822A0C001A00EB7213 /* pencil.png in Resources */ = {isa = PBXBuildFile; fileRef = A5F5086E2A0C001800EB7213 /* pencil.png */; };
		A5F508832A0C001A00EB7213 /* appIcon.icns in Resources */ = {isa = PBXBuildFile; fileRef = A5F5086F2A0C001800EB7213 /* appIcon.icns */; };
		A5F5088E2A0C001A00EB7213 /* MainMenu.xib in Resources */ = {isa = PBXBuildFile; fileRef = A5F5087C2A0C001A00EB7213 /* MainMenu.xib */; };
		A5F508912A0C001A00EB7213 /* Credits.html in Resources */ = {isa = PBXBuildFile; fileRef = A5F508802A0C001A00EB7213 /* Credits.html */; };
		A5F508922A0C001A00EB7213 /* video.png in Resources */ = {isa = PBXBuildFile; fileRef = A5F508812A0C001A00EB7213 /* video.png */; };
		A5F508962A0C007700EB7213 /* tools in Resources */ = {isa = PBXBuildFile; fileRef = A5F508932A0C007700EB7213 /* tools */; };
		A5F508972A0C007700EB7213 /* sound in Resources */ = {isa = PBXBuildFile; fileRef = A5F508942A0C007700EB7213 /* sound */; };
		A5F508982A0C007700EB7213 /* scripts in Resources */ = {isa = PBXBuildFile; fileRef = A5F508952A0C007700EB7213 /* scripts */; };
		A5F508A72A0C014F00EB7213 /* DockProgressBarBlue.mm in Sources */ = {isa = PBXBuildFile; fileRef = A5F508A42A0C014F00EB7213 /* DockProgressBarBlue.mm */; };
		A5F508A82A0C014F00EB7213 /* DockProgressBarRed.mm in Sources */ = {isa = PBXBuildFile; fileRef = A5F508A62A0C014F00EB7213 /* DockProgressBarRed.mm */; };
/* End PBXBuildFile section */

/* Begin PBXFileReference section */
		A50996B62B00045A0092F300 /* Quartz.framework */ = {isa = PBXFileReference; lastKnownFileType = wrapper.framework; name = Quartz.framework; path = System/Library/Frameworks/Quartz.framework; sourceTree = SDKROOT; };
		A5CCBE922B051C9E00DE98EB /* Cocoa.framework */ = {isa = PBXFileReference; lastKnownFileType = wrapper.framework; name = Cocoa.framework; path = System/Library/Frameworks/Cocoa.framework; sourceTree = SDKROOT; };
		A5CCBE942B051FE800DE98EB /* Foundation.framework */ = {isa = PBXFileReference; lastKnownFileType = wrapper.framework; name = Foundation.framework; path = System/Library/Frameworks/Foundation.framework; sourceTree = SDKROOT; };
		A5CCBE9A2B05215E00DE98EB /* IOKit.framework */ = {isa = PBXFileReference; lastKnownFileType = wrapper.framework; name = IOKit.framework; path = System/Library/Frameworks/IOKit.framework; sourceTree = SDKROOT; };
		A5DA28F526B4B5CD00B1EC06 /* AVFoundation.framework */ = {isa = PBXFileReference; lastKnownFileType = wrapper.framework; name = AVFoundation.framework; path = System/Library/Frameworks/AVFoundation.framework; sourceTree = SDKROOT; };
		A5F508592A0BFFC000EB7213 /* Controller.h */ = {isa = PBXFileReference; fileEncoding = 4; lastKnownFileType = sourcecode.c.h; path = Controller.h; sourceTree = "<group>"; };
		A5F5085A2A0BFFC000EB7213 /* FastLaunchJob.m */ = {isa = PBXFileReference; fileEncoding = 4; lastKnownFileType = sourcecode.c.objc; path = FastLaunchJob.m; sourceTree = "<group>"; };
		A5F508612A0BFFC200EB7213 /* Controller.m */ = {isa = PBXFileReference; fileEncoding = 4; lastKnownFileType = sourcecode.c.objc; path = Controller.m; sourceTree = "<group>"; };
		A5F508622A0BFFC200EB7213 /* FastLaunchJob.h */ = {isa = PBXFileReference; fileEncoding = 4; lastKnownFileType = sourcecode.c.h; path = FastLaunchJob.h; sourceTree = "<group>"; };
		A5F508632A0BFFC200EB7213 /* main.m */ = {isa = PBXFileReference; fileEncoding = 4; lastKnownFileType = sourcecode.c.objc; path = main.m; sourceTree = "<group>"; };
		A5F5086E2A0C001800EB7213 /* pencil.png */ = {isa = PBXFileReference; lastKnownFileType = image.png; path = pencil.png; sourceTree = "<group>"; };
		A5F5086F2A0C001800EB7213 /* appIcon.icns */ = {isa = PBXFileReference; lastKnownFileType = image.icns; path = appIcon.icns; sourceTree = "<group>"; };
		A5F5087C2A0C001A00EB7213 /* MainMenu.xib */ = {isa = PBXFileReference; fileEncoding = 4; lastKnownFileType = file.xib; path = MainMenu.xib; sourceTree = "<group>"; };
		A5F508802A0C001A00EB7213 /* Credits.html */ = {isa = PBXFileReference; fileEncoding = 4; lastKnownFileType = text.html; path = Credits.html; sourceTree = "<group>"; };
		A5F508812A0C001A00EB7213 /* video.png */ = {isa = PBXFileReference; lastKnownFileType = image.png; path = video.png; sourceTree = "<group>"; };
		A5F508932A0C007700EB7213 /* tools */ = {isa = PBXFileReference; lastKnownFileType = folder; path = tools; sourceTree = "<group>"; };
		A5F508942A0C007700EB7213 /* sound */ = {isa = PBXFileReference; lastKnownFileType = folder; path = sound; sourceTree = "<group>"; };
		A5F508952A0C007700EB7213 /* scripts */ = {isa = PBXFileReference; lastKnownFileType = folder; path = scripts; sourceTree = "<group>"; };
		A5F508A32A0C014F00EB7213 /* DockProgressBarBlue.h */ = {isa = PBXFileReference; fileEncoding = 4; lastKnownFileType = sourcecode.c.h; name = DockProgressBarBlue.h; path = FastLaunch/DockProgressBarBlue.h; sourceTree = "<group>"; };
		A5F508A42A0C014F00EB7213 /* DockProgressBarBlue.mm */ = {isa = PBXFileReference; fileEncoding = 4; lastKnownFileType = sourcecode.cpp.objcpp; name = DockProgressBarBlue.mm; path = FastLaunch/DockProgressBarBlue.mm; sourceTree = "<group>"; };
		A5F508A52A0C014F00EB7213 /* DockProgressBarRed.h */ = {isa = PBXFileReference; fileEncoding = 4; lastKnownFileType = sourcecode.c.h; name = DockProgressBarRed.h; path = FastLaunch/DockProgressBarRed.h; sourceTree = "<group>"; };
		A5F508A62A0C014F00EB7213 /* DockProgressBarRed.mm */ = {isa = PBXFileReference; fileEncoding = 4; lastKnownFileType = sourcecode.cpp.objcpp; name = DockProgressBarRed.mm; path = FastLaunch/DockProgressBarRed.mm; sourceTree = "<group>"; };
		F48B774111F7661C00351575 /* FastLaunch.app */ = {isa = PBXFileReference; explicitFileType = wrapper.application; includeInIndex = 0; path = FastLaunch.app; sourceTree = BUILT_PRODUCTS_DIR; };
/* End PBXFileReference section */

/* Begin PBXFrameworksBuildPhase section */
		F48B773F11F7661C00351575 /* Frameworks */ = {
			isa = PBXFrameworksBuildPhase;
			buildActionMask = 2147483647;
			files = (
				A5CCBE932B051C9E00DE98EB /* Cocoa.framework in Frameworks */,
				A54DB86529C3D58400B544FA /* AVFoundation.framework in Frameworks */,
				A50996B72B00045A0092F300 /* Quartz.framework in Frameworks */,
				A5CCBE9B2B05215E00DE98EB /* IOKit.framework in Frameworks */,
				A5CCBE952B051FE800DE98EB /* Foundation.framework in Frameworks */,
			);
			runOnlyForDeploymentPostprocessing = 0;
		};
/* End PBXFrameworksBuildPhase section */

/* Begin PBXGroup section */
		080E96DDFE201D6D7F000001 /* Shared */ = {
			isa = PBXGroup;
			children = (
				A5E8DE5429DC65F600AB204E /* DockProgressBar */,
			);
			name = Shared;
			sourceTree = "<group>";
		};
		19C28FACFE9D520D11CA2CBB /* Products */ = {
			isa = PBXGroup;
			children = (
				F48B774111F7661C00351575 /* FastLaunch.app */,
			);
			name = Products;
			sourceTree = "<group>";
		};
		29B97314FDCFA39411CA2CEA /* FastLaunch */ = {
			isa = PBXGroup;
			children = (
				A5F508352A0BFEE700EB7213 /* FastLaunch */,
				080E96DDFE201D6D7F000001 /* Shared */,
				29B97323FDCFA39411CA2CEA /* Frameworks */,
				19C28FACFE9D520D11CA2CBB /* Products */,
			);
			name = FastLaunch;
			sourceTree = "<group>";
		};
		29B97323FDCFA39411CA2CEA /* Frameworks */ = {
			isa = PBXGroup;
			children = (
				A5CCBE9A2B05215E00DE98EB /* IOKit.framework */,
				A5CCBE942B051FE800DE98EB /* Foundation.framework */,
				A5CCBE922B051C9E00DE98EB /* Cocoa.framework */,
				A50996B62B00045A0092F300 /* Quartz.framework */,
				A5DA28F526B4B5CD00B1EC06 /* AVFoundation.framework */,
			);
			name = Frameworks;
			sourceTree = "<group>";
		};
		A5E8DE5429DC65F600AB204E /* DockProgressBar */ = {
			isa = PBXGroup;
			children = (
				A5F508A32A0C014F00EB7213 /* DockProgressBarBlue.h */,
				A5F508A42A0C014F00EB7213 /* DockProgressBarBlue.mm */,
				A5F508A52A0C014F00EB7213 /* DockProgressBarRed.h */,
				A5F508A62A0C014F00EB7213 /* DockProgressBarRed.mm */,
			);
			name = DockProgressBar;
			sourceTree = "<group>";
		};
		A5F508352A0BFEE700EB7213 /* FastLaunch */ = {
			isa = PBXGroup;
			children = (
				A5F508592A0BFFC000EB7213 /* Controller.h */,
				A5F508612A0BFFC200EB7213 /* Controller.m */,
				A5F508622A0BFFC200EB7213 /* FastLaunchJob.h */,
				A5F5085A2A0BFFC000EB7213 /* FastLaunchJob.m */,
				A5F508632A0BFFC200EB7213 /* main.m */,
				A5F508362A0BFF0600EB7213 /* Resources */,
			);
			path = FastLaunch;
			sourceTree = "<group>";
		};
		A5F508362A0BFF0600EB7213 /* Resources */ = {
			isa = PBXGroup;
			children = (
				A5F5086F2A0C001800EB7213 /* appIcon.icns */,
				A5F508802A0C001A00EB7213 /* Credits.html */,
				A5F5087C2A0C001A00EB7213 /* MainMenu.xib */,
				A5F5086E2A0C001800EB7213 /* pencil.png */,
				A5F508812A0C001A00EB7213 /* video.png */,
				A5F508952A0C007700EB7213 /* scripts */,
				A5F508942A0C007700EB7213 /* sound */,
				A5F508932A0C007700EB7213 /* tools */,
			);
			path = Resources;
			sourceTree = "<group>";
		};
/* End PBXGroup section */

/* Begin PBXNativeTarget section */
		F48B774011F7661C00351575 /* FastLaunch */ = {
			isa = PBXNativeTarget;
			buildConfigurationList = F48B774711F7661D00351575 /* Build configuration list for PBXNativeTarget "FastLaunch" */;
			buildPhases = (
				F48B773D11F7661C00351575 /* Resources */,
				F48B773E11F7661C00351575 /* Sources */,
				F48B773F11F7661C00351575 /* Frameworks */,
				F4302B7B21C5A04A001C8BEC /* ShellScript */,
			);
			buildRules = (
			);
			dependencies = (
			);
			name = FastLaunch;
			productName = FastLaunch;
			productReference = F48B774111F7661C00351575 /* FastLaunch.app */;
			productType = "com.apple.product-type.application";
		};
/* End PBXNativeTarget section */

/* Begin PBXProject section */
		29B97313FDCFA39411CA2CEA /* Project object */ = {
			isa = PBXProject;
			attributes = {
				BuildIndependentTargetsInParallel = YES;
				LastUpgradeCheck = 1500;
				ORGANIZATIONNAME = "Sergey Galan";
				TargetAttributes = {
					F48B774011F7661C00351575 = {
						DevelopmentTeam = WSC9LR5SDP;
						ProvisioningStyle = Manual;
					};
				};
			};
			buildConfigurationList = F41B2181085CD8FF00B63B0D /* Build configuration list for PBXProject "FASTLAUNCH" */;
			compatibilityVersion = "Xcode 3.2";
			developmentRegion = en;
			hasScannedForEncodings = 1;
			knownRegions = (
				fr,
				Base,
				ja,
				en,
				de,
			);
			mainGroup = 29B97314FDCFA39411CA2CEA /* FastLaunch */;
			projectDirPath = "";
			projectRoot = "";
			targets = (
				F48B774011F7661C00351575 /* FastLaunch */,
			);
		};
/* End PBXProject section */

/* Begin PBXResourcesBuildPhase section */
		F48B773D11F7661C00351575 /* Resources */ = {
			isa = PBXResourcesBuildPhase;
			buildActionMask = 2147483647;
			files = (
				A5F508962A0C007700EB7213 /* tools in Resources */,
				A5F508912A0C001A00EB7213 /* Credits.html in Resources */,
				A5F5088E2A0C001A00EB7213 /* MainMenu.xib in Resources */,
				A5F508822A0C001A00EB7213 /* pencil.png in Resources */,
				A5F508922A0C001A00EB7213 /* video.png in Resources */,
				A5F508832A0C001A00EB7213 /* appIcon.icns in Resources */,
				A5F508972A0C007700EB7213 /* sound in Resources */,
				A5F508982A0C007700EB7213 /* scripts in Resources */,
			);
			runOnlyForDeploymentPostprocessing = 0;
		};
/* End PBXResourcesBuildPhase section */

/* Begin PBXShellScriptBuildPhase section */
		F4302B7B21C5A04A001C8BEC /* ShellScript */ = {
			isa = PBXShellScriptBuildPhase;
			buildActionMask = 2147483647;
			files = (
			);
			inputFileListPaths = (
			);
			inputPaths = (
			);
			outputFileListPaths = (
			);
			outputPaths = (
			);
			runOnlyForDeploymentPostprocessing = 0;
			shellPath = /bin/sh;
		};
/* End PBXShellScriptBuildPhase section */

/* Begin PBXSourcesBuildPhase section */
		F48B773E11F7661C00351575 /* Sources */ = {
			isa = PBXSourcesBuildPhase;
			buildActionMask = 2147483647;
			files = (
				A5F508A82A0C014F00EB7213 /* DockProgressBarRed.mm in Sources */,
				A5F508A72A0C014F00EB7213 /* DockProgressBarBlue.mm in Sources */,
				A5F508642A0BFFC200EB7213 /* FastLaunchJob.m in Sources */,
				A5F508682A0BFFC200EB7213 /* Controller.m in Sources */,
				A5F508692A0BFFC200EB7213 /* main.m in Sources */,
			);
			runOnlyForDeploymentPostprocessing = 0;
		};
/* End PBXSourcesBuildPhase section */

/* Begin XCBuildConfiguration section */
		F41B2182085CD8FF00B63B0D /* Development */ = {
			isa = XCBuildConfiguration;
			buildSettings = {
				ALWAYS_SEARCH_USER_PATHS = NO;
				CLANG_ANALYZER_LOCALIZABILITY_NONLOCALIZED = YES;
				CLANG_ENABLE_OBJC_ARC = YES;
				CLANG_LINK_OBJC_RUNTIME = YES;
				CLANG_WARN_ASSIGN_ENUM = NO;
				CLANG_WARN_BLOCK_CAPTURE_AUTORELEASING = YES;
				CLANG_WARN_COMMA = YES;
				CLANG_WARN_DEPRECATED_OBJC_IMPLEMENTATIONS = YES;
				CLANG_WARN_EMPTY_BODY = YES;
				CLANG_WARN_INFINITE_RECURSION = YES;
				CLANG_WARN_OBJC_IMPLICIT_RETAIN_SELF = NO;
				CLANG_WARN_QUOTED_INCLUDE_IN_FRAMEWORK_HEADER = YES;
				CLANG_WARN_RANGE_LOOP_ANALYSIS = YES;
				CLANG_WARN_SEMICOLON_BEFORE_METHOD_BODY = NO;
				CLANG_WARN_STRICT_PROTOTYPES = YES;
				CLANG_WARN_SUSPICIOUS_IMPLICIT_CONVERSION = YES;
				CLANG_WARN_SUSPICIOUS_MOVE = YES;
				CLANG_WARN_UNREACHABLE_CODE = YES;
				CLANG_WARN__DUPLICATE_METHOD_MATCH = YES;
				CODE_SIGN_IDENTITY = "";
				DEAD_CODE_STRIPPING = YES;
				DEBUG_INFORMATION_FORMAT = "dwarf-with-dsym";
				DEPLOYMENT_POSTPROCESSING = YES;
				ENABLE_STRICT_OBJC_MSGSEND = YES;
				ENABLE_TESTABILITY = YES;
				ENABLE_USER_SCRIPT_SANDBOXING = YES;
				GCC_CW_ASM_SYNTAX = NO;
				GCC_ENABLE_CPP_EXCEPTIONS = NO;
				GCC_ENABLE_CPP_RTTI = NO;
				GCC_ENABLE_OBJC_EXCEPTIONS = YES;
				GCC_ENABLE_PASCAL_STRINGS = NO;
				GCC_GENERATE_DEBUGGING_SYMBOLS = YES;
				GCC_NO_COMMON_BLOCKS = YES;
				GCC_PREPROCESSOR_DEFINITIONS = "DEBUG=1";
				GCC_STRICT_ALIASING = YES;
				GCC_TREAT_IMPLICIT_FUNCTION_DECLARATIONS_AS_ERRORS = NO;
				GCC_WARN_64_TO_32_BIT_CONVERSION = YES;
				GCC_WARN_ABOUT_MISSING_NEWLINE = YES;
				GCC_WARN_ABOUT_MISSING_PROTOTYPES = YES;
				GCC_WARN_ABOUT_RETURN_TYPE = YES;
				GCC_WARN_FOUR_CHARACTER_CONSTANTS = NO;
				GCC_WARN_PEDANTIC = YES;
				GCC_WARN_SHADOW = YES;
				GCC_WARN_STRICT_SELECTOR_MATCH = NO;
				GCC_WARN_UNDECLARED_SELECTOR = YES;
				GCC_WARN_UNINITIALIZED_AUTOS = YES;
				GCC_WARN_UNUSED_FUNCTION = YES;
				GCC_WARN_UNUSED_LABEL = YES;
				GCC_WARN_UNUSED_PARAMETER = NO;
				GCC_WARN_UNUSED_VARIABLE = YES;
				GENERATE_PROFILING_CODE = YES;
				IBC_FLATTEN_NIBS = YES;
				INFOPLIST_EXPAND_BUILD_SETTINGS = NO;
				INFOPLIST_OUTPUT_FORMAT = binary;
				INFOPLIST_PREPROCESS = NO;
				MACOSX_DEPLOYMENT_TARGET = 10.15;
				ONLY_ACTIVE_ARCH = YES;
				OTHER_LDFLAGS = "";
				PLIST_FILE_OUTPUT_FORMAT = XML;
				SCAN_ALL_SOURCE_FILES_FOR_INCLUDES = NO;
				SDKROOT = macosx;
				SKIP_INSTALL = YES;
				STRINGS_FILE_OUTPUT_ENCODING = "UTF-8";
				STRIPFLAGS = "-x";
				SYMROOT = build;
				VALID_ARCHS = x86_64;
				WARNING_CFLAGS = "-Wpartial-availability";
			};
			name = Development;
		};
		F41B2183085CD8FF00B63B0D /* Deployment */ = {
			isa = XCBuildConfiguration;
			buildSettings = {
				ALWAYS_SEARCH_USER_PATHS = NO;
				CLANG_ANALYZER_LOCALIZABILITY_NONLOCALIZED = YES;
				CLANG_ENABLE_OBJC_ARC = YES;
				CLANG_LINK_OBJC_RUNTIME = YES;
				CLANG_WARN_ASSIGN_ENUM = NO;
				CLANG_WARN_BLOCK_CAPTURE_AUTORELEASING = YES;
				CLANG_WARN_COMMA = YES;
				CLANG_WARN_DEPRECATED_OBJC_IMPLEMENTATIONS = YES;
				CLANG_WARN_EMPTY_BODY = YES;
				CLANG_WARN_INFINITE_RECURSION = YES;
				CLANG_WARN_OBJC_IMPLICIT_RETAIN_SELF = NO;
				CLANG_WARN_QUOTED_INCLUDE_IN_FRAMEWORK_HEADER = YES;
				CLANG_WARN_RANGE_LOOP_ANALYSIS = YES;
				CLANG_WARN_SEMICOLON_BEFORE_METHOD_BODY = NO;
				CLANG_WARN_STRICT_PROTOTYPES = YES;
				CLANG_WARN_SUSPICIOUS_IMPLICIT_CONVERSION = YES;
				CLANG_WARN_SUSPICIOUS_MOVE = YES;
				CLANG_WARN_UNREACHABLE_CODE = YES;
				CLANG_WARN__DUPLICATE_METHOD_MATCH = YES;
				CODE_SIGN_IDENTITY = "";
				DEAD_CODE_STRIPPING = YES;
				DEBUG_INFORMATION_FORMAT = "dwarf-with-dsym";
				DEPLOYMENT_POSTPROCESSING = YES;
				ENABLE_STRICT_OBJC_MSGSEND = YES;
				ENABLE_TESTABILITY = NO;
				ENABLE_USER_SCRIPT_SANDBOXING = YES;
				GCC_CW_ASM_SYNTAX = NO;
				GCC_ENABLE_CPP_EXCEPTIONS = NO;
				GCC_ENABLE_CPP_RTTI = NO;
				GCC_ENABLE_OBJC_EXCEPTIONS = YES;
				GCC_ENABLE_PASCAL_STRINGS = NO;
				GCC_GENERATE_DEBUGGING_SYMBOLS = NO;
				GCC_NO_COMMON_BLOCKS = YES;
				GCC_PREPROCESSOR_DEFINITIONS = "";
				GCC_STRICT_ALIASING = YES;
				GCC_SYMBOLS_PRIVATE_EXTERN = YES;
				GCC_TREAT_IMPLICIT_FUNCTION_DECLARATIONS_AS_ERRORS = NO;
				GCC_WARN_64_TO_32_BIT_CONVERSION = YES;
				GCC_WARN_ABOUT_MISSING_NEWLINE = YES;
				GCC_WARN_ABOUT_MISSING_PROTOTYPES = YES;
				GCC_WARN_ABOUT_RETURN_TYPE = YES;
				GCC_WARN_FOUR_CHARACTER_CONSTANTS = NO;
				GCC_WARN_PEDANTIC = YES;
				GCC_WARN_SHADOW = YES;
				GCC_WARN_STRICT_SELECTOR_MATCH = NO;
				GCC_WARN_UNDECLARED_SELECTOR = YES;
				GCC_WARN_UNINITIALIZED_AUTOS = YES;
				GCC_WARN_UNUSED_FUNCTION = YES;
				GCC_WARN_UNUSED_LABEL = YES;
				GCC_WARN_UNUSED_PARAMETER = NO;
				GCC_WARN_UNUSED_VALUE = YES;
				GCC_WARN_UNUSED_VARIABLE = YES;
				IBC_FLATTEN_NIBS = YES;
				INFOPLIST_EXPAND_BUILD_SETTINGS = NO;
				INFOPLIST_OUTPUT_FORMAT = binary;
				INFOPLIST_PREPROCESS = NO;
				LINKER_DISPLAYS_MANGLED_NAMES = NO;
				MACOSX_DEPLOYMENT_TARGET = 10.15;
				ONLY_ACTIVE_ARCH = NO;
				OTHER_LDFLAGS = "";
				PLIST_FILE_OUTPUT_FORMAT = binary;
				SCAN_ALL_SOURCE_FILES_FOR_INCLUDES = NO;
				SDKROOT = macosx;
				SKIP_INSTALL = YES;
				STRINGS_FILE_OUTPUT_ENCODING = binary;
				STRIPFLAGS = "-x";
				SYMROOT = build;
				VALID_ARCHS = x86_64;
				WARNING_CFLAGS = "-Wpartial-availability";
			};
			name = Deployment;
		};
		F41B2184085CD8FF00B63B0D /* Default */ = {
			isa = XCBuildConfiguration;
			buildSettings = {
				ALWAYS_SEARCH_USER_PATHS = NO;
				CLANG_ANALYZER_LOCALIZABILITY_NONLOCALIZED = YES;
				CLANG_ENABLE_OBJC_ARC = YES;
				CLANG_LINK_OBJC_RUNTIME = YES;
				CLANG_WARN_ASSIGN_ENUM = NO;
				CLANG_WARN_BLOCK_CAPTURE_AUTORELEASING = YES;
				CLANG_WARN_COMMA = YES;
				CLANG_WARN_DEPRECATED_OBJC_IMPLEMENTATIONS = YES;
				CLANG_WARN_EMPTY_BODY = YES;
				CLANG_WARN_INFINITE_RECURSION = YES;
				CLANG_WARN_OBJC_IMPLICIT_RETAIN_SELF = NO;
				CLANG_WARN_QUOTED_INCLUDE_IN_FRAMEWORK_HEADER = YES;
				CLANG_WARN_RANGE_LOOP_ANALYSIS = YES;
				CLANG_WARN_SEMICOLON_BEFORE_METHOD_BODY = NO;
				CLANG_WARN_STRICT_PROTOTYPES = YES;
				CLANG_WARN_SUSPICIOUS_IMPLICIT_CONVERSION = YES;
				CLANG_WARN_SUSPICIOUS_MOVE = YES;
				CLANG_WARN_UNREACHABLE_CODE = YES;
				CLANG_WARN__DUPLICATE_METHOD_MATCH = YES;
				CODE_SIGN_IDENTITY = "";
				CONFIGURATION_TEMP_DIR = "";
				DEAD_CODE_STRIPPING = YES;
				DEBUG_INFORMATION_FORMAT = "dwarf-with-dsym";
				DEPLOYMENT_POSTPROCESSING = YES;
				ENABLE_STRICT_OBJC_MSGSEND = YES;
				ENABLE_TESTABILITY = NO;
				ENABLE_USER_SCRIPT_SANDBOXING = YES;
				GCC_CW_ASM_SYNTAX = NO;
				GCC_ENABLE_CPP_EXCEPTIONS = NO;
				GCC_ENABLE_CPP_RTTI = NO;
				GCC_ENABLE_OBJC_EXCEPTIONS = YES;
				GCC_ENABLE_PASCAL_STRINGS = NO;
				GCC_GENERATE_DEBUGGING_SYMBOLS = NO;
				GCC_NO_COMMON_BLOCKS = YES;
				GCC_PREPROCESSOR_DEFINITIONS = "";
				GCC_STRICT_ALIASING = YES;
				GCC_TREAT_IMPLICIT_FUNCTION_DECLARATIONS_AS_ERRORS = NO;
				GCC_WARN_64_TO_32_BIT_CONVERSION = YES;
				GCC_WARN_ABOUT_MISSING_NEWLINE = YES;
				GCC_WARN_ABOUT_MISSING_PROTOTYPES = YES;
				GCC_WARN_ABOUT_RETURN_TYPE = YES;
				GCC_WARN_FOUR_CHARACTER_CONSTANTS = NO;
				GCC_WARN_PEDANTIC = YES;
				GCC_WARN_SHADOW = YES;
				GCC_WARN_STRICT_SELECTOR_MATCH = NO;
				GCC_WARN_UNDECLARED_SELECTOR = YES;
				GCC_WARN_UNINITIALIZED_AUTOS = YES;
				GCC_WARN_UNUSED_FUNCTION = YES;
				GCC_WARN_UNUSED_LABEL = YES;
				GCC_WARN_UNUSED_PARAMETER = NO;
				GCC_WARN_UNUSED_VARIABLE = YES;
				IBC_FLATTEN_NIBS = YES;
				INFOPLIST_EXPAND_BUILD_SETTINGS = NO;
				INFOPLIST_OUTPUT_FORMAT = binary;
				INFOPLIST_PREPROCESS = NO;
				MACOSX_DEPLOYMENT_TARGET = 10.15;
				ONLY_ACTIVE_ARCH = NO;
				OTHER_LDFLAGS = "";
				PLIST_FILE_OUTPUT_FORMAT = binary;
				SCAN_ALL_SOURCE_FILES_FOR_INCLUDES = NO;
				SDKROOT = macosx;
				SKIP_INSTALL = YES;
				STRINGS_FILE_OUTPUT_ENCODING = binary;
				STRIPFLAGS = "-x";
				SYMROOT = build;
				VALID_ARCHS = x86_64;
				WARNING_CFLAGS = "-Wpartial-availability";
			};
			name = Default;
		};
		F48B774411F7661D00351575 /* Development */ = {
			isa = XCBuildConfiguration;
			buildSettings = {
				ALWAYS_SEARCH_USER_PATHS = NO;
				CLANG_ALLOW_NON_MODULAR_INCLUDES_IN_FRAMEWORK_MODULES = YES;
				CLANG_ENABLE_MODULES = YES;
				CLANG_ENABLE_OBJC_ARC = YES;
				CODE_SIGN_IDENTITY = "Apple Development";
				"CODE_SIGN_IDENTITY[sdk=macosx*]" = "-";
				CODE_SIGN_STYLE = Manual;
				COMBINE_HIDPI_IMAGES = YES;
				COPY_PHASE_STRIP = NO;
				CURRENT_PROJECT_VERSION = 001;
				DEAD_CODE_STRIPPING = YES;
				DEBUG_INFORMATION_FORMAT = "dwarf-with-dsym";
				DEVELOPMENT_TEAM = "";
				"DEVELOPMENT_TEAM[sdk=macosx*]" = WSC9LR5SDP;
				ENABLE_HARDENED_RUNTIME = YES;
				EXCLUDED_SOURCE_FILE_NAMES = "";
				GCC_CW_ASM_SYNTAX = NO;
				GCC_DYNAMIC_NO_PIC = NO;
				GCC_ENABLE_PASCAL_STRINGS = YES;
				GCC_GENERATE_DEBUGGING_SYMBOLS = YES;
				GCC_OPTIMIZATION_LEVEL = 0;
				GCC_PRECOMPILE_PREFIX_HEADER = NO;
				GENERATE_PKGINFO_FILE = NO;
				IBC_FLATTEN_NIBS = NO;
				INFOPLIST_EXPAND_BUILD_SETTINGS = NO;
				INFOPLIST_FILE = "FastLaunch/Resources/FastLaunch-Info.plist";
				INFOPLIST_KEY_LSApplicationCategoryType = "public.app-category.video";
				INFOPLIST_OTHER_PREPROCESSOR_FLAGS = "-traditional";
				INFOPLIST_OUTPUT_FORMAT = XML;
				INSTALL_PATH = "";
				LD_RUNPATH_SEARCH_PATHS = (
					"$(inherited)",
					"@executable_path/../Frameworks",
				);
				MACOSX_DEPLOYMENT_TARGET = 10.15;
				MARKETING_VERSION = 5.4.3;
				ONLY_ACTIVE_ARCH = YES;
				PLIST_FILE_OUTPUT_FORMAT = xml;
				PRODUCT_BUNDLE_IDENTIFIER = org.SerhiiHalan.FastLaunch;
				PRODUCT_NAME = FastLaunch;
				PROVISIONING_PROFILE_SPECIFIER = "";
				WARNING_CFLAGS = "-Wpartial-availability";
			};
			name = Development;
		};
		F48B774511F7661D00351575 /* Deployment */ = {
			isa = XCBuildConfiguration;
			buildSettings = {
				ALWAYS_SEARCH_USER_PATHS = NO;
				CLANG_ALLOW_NON_MODULAR_INCLUDES_IN_FRAMEWORK_MODULES = YES;
				CLANG_ENABLE_MODULES = YES;
				CLANG_ENABLE_OBJC_ARC = YES;
				CODE_SIGN_IDENTITY = "Apple Development";
				"CODE_SIGN_IDENTITY[sdk=macosx*]" = "-";
				CODE_SIGN_STYLE = Manual;
				COMBINE_HIDPI_IMAGES = YES;
				COPY_PHASE_STRIP = YES;
				CURRENT_PROJECT_VERSION = 001;
				DEAD_CODE_STRIPPING = YES;
				DEBUG_INFORMATION_FORMAT = "dwarf-with-dsym";
				DEVELOPMENT_TEAM = "";
				"DEVELOPMENT_TEAM[sdk=macosx*]" = WSC9LR5SDP;
				ENABLE_HARDENED_RUNTIME = YES;
				EXCLUDED_SOURCE_FILE_NAMES = "";
				GCC_CW_ASM_SYNTAX = NO;
				GCC_DYNAMIC_NO_PIC = NO;
				GCC_ENABLE_PASCAL_STRINGS = YES;
				GCC_PRECOMPILE_PREFIX_HEADER = NO;
				GCC_UNROLL_LOOPS = NO;
				GENERATE_PKGINFO_FILE = NO;
				IBC_FLATTEN_NIBS = NO;
				INFOPLIST_EXPAND_BUILD_SETTINGS = NO;
				INFOPLIST_FILE = "FastLaunch/Resources/FastLaunch-Info.plist";
				INFOPLIST_KEY_LSApplicationCategoryType = "public.app-category.video";
				INFOPLIST_OTHER_PREPROCESSOR_FLAGS = "-traditional";
				INFOPLIST_OUTPUT_FORMAT = binary;
				INSTALL_PATH = "";
				LD_RUNPATH_SEARCH_PATHS = (
					"$(inherited)",
					"@executable_path/../Frameworks",
				);
				MACOSX_DEPLOYMENT_TARGET = 10.15;
				MARKETING_VERSION = 5.4.3;
				PLIST_FILE_OUTPUT_FORMAT = binary;
				PRODUCT_BUNDLE_IDENTIFIER = org.SerhiiHalan.FastLaunch;
				PRODUCT_NAME = FastLaunch;
				PROVISIONING_PROFILE_SPECIFIER = "";
				WARNING_CFLAGS = "-Wpartial-availability";
			};
			name = Deployment;
		};
		F48B774611F7661D00351575 /* Default */ = {
			isa = XCBuildConfiguration;
			buildSettings = {
				ALWAYS_SEARCH_USER_PATHS = NO;
				CLANG_ALLOW_NON_MODULAR_INCLUDES_IN_FRAMEWORK_MODULES = YES;
				CLANG_ENABLE_MODULES = YES;
				CLANG_ENABLE_OBJC_ARC = YES;
				CODE_SIGN_IDENTITY = "Apple Development";
				"CODE_SIGN_IDENTITY[sdk=macosx*]" = "-";
				CODE_SIGN_STYLE = Manual;
				COMBINE_HIDPI_IMAGES = YES;
				CURRENT_PROJECT_VERSION = 001;
				DEAD_CODE_STRIPPING = YES;
				DEBUG_INFORMATION_FORMAT = "dwarf-with-dsym";
				DEVELOPMENT_TEAM = "";
				"DEVELOPMENT_TEAM[sdk=macosx*]" = WSC9LR5SDP;
				ENABLE_HARDENED_RUNTIME = YES;
				EXCLUDED_SOURCE_FILE_NAMES = "";
				GCC_CW_ASM_SYNTAX = NO;
				GCC_ENABLE_PASCAL_STRINGS = YES;
				GCC_PRECOMPILE_PREFIX_HEADER = NO;
				GENERATE_PKGINFO_FILE = NO;
				IBC_FLATTEN_NIBS = NO;
				INFOPLIST_EXPAND_BUILD_SETTINGS = NO;
				INFOPLIST_FILE = "FastLaunch/Resources/FastLaunch-Info.plist";
				INFOPLIST_KEY_LSApplicationCategoryType = "public.app-category.video";
				INFOPLIST_OTHER_PREPROCESSOR_FLAGS = "-traditional";
				INSTALL_PATH = "";
				LD_RUNPATH_SEARCH_PATHS = (
					"$(inherited)",
					"@executable_path/../Frameworks",
				);
				MACOSX_DEPLOYMENT_TARGET = 10.15;
				MARKETING_VERSION = 5.4.3;
				PRODUCT_BUNDLE_IDENTIFIER = org.SerhiiHalan.FastLaunch;
				PRODUCT_NAME = FastLaunch;
				PROVISIONING_PROFILE_SPECIFIER = "";
				WARNING_CFLAGS = "-Wpartial-availability";
			};
			name = Default;
		};
/* End XCBuildConfiguration section */

/* Begin XCConfigurationList section */
		F41B2181085CD8FF00B63B0D /* Build configuration list for PBXProject "FASTLAUNCH" */ = {
			isa = XCConfigurationList;
			buildConfigurations = (
				F41B2182085CD8FF00B63B0D /* Development */,
				F41B2183085CD8FF00B63B0D /* Deployment */,
				F41B2184085CD8FF00B63B0D /* Default */,
			);
			defaultConfigurationIsVisible = 0;
			defaultConfigurationName = Default;
		};
		F48B774711F7661D00351575 /* Build configuration list for PBXNativeTarget "FastLaunch" */ = {
			isa = XCConfigurationList;
			buildConfigurations = (
				F48B774411F7661D00351575 /* Development */,
				F48B774511F7661D00351575 /* Deployment */,
				F48B774611F7661D00351575 /* Default */,
			);
			defaultConfigurationIsVisible = 0;
			defaultConfigurationName = Default;
		};
/* End XCConfigurationList section */
	};
	rootObject = 29B97313FDCFA39411CA2CEA /* Project object */;
}
